lockfileVersion: '9.0'

settings:
  autoInstallPeers: true
  excludeLinksFromLockfile: false

importers:
  .:
    dependencies:
      electron-store:
        specifier: ^10.1.0
        version: 10.1.0
      react:
        specifier: ^18.3.1
        version: 18.3.1
      react-dom:
        specifier: ^18.3.1
        version: 18.3.1(react@18.3.1)
      zustand:
        specifier: ^5.0.1
        version: 5.0.1(@types/react@18.3.12)(react@18.3.1)
    devDependencies:
      '@types/node':
        specifier: ^22.9.0
        version: 22.9.0
      '@types/react':
        specifier: ^18.3.12
        version: 18.3.12
      '@types/react-dom':
        specifier: ^18.3.1
        version: 18.3.1
      '@typescript-eslint/eslint-plugin':
        specifier: ^8.46.1
        version: 8.46.1(@typescript-eslint/parser@8.46.1(eslint@9.14.0)(typescript@5.6.3))(eslint@9.14.0)(typescript@5.6.3)
      '@typescript-eslint/parser':
        specifier: ^8.46.1
        version: 8.46.1(eslint@9.14.0)(typescript@5.6.3)
      '@vitejs/plugin-react':
        specifier: ^4.3.3
        version: 4.3.3(vite@5.4.10(@types/node@22.9.0))
      concurrently:
        specifier: ^9.1.0
        version: 9.1.0
      electron:
        specifier: ^33.2.0
        version: 33.2.0
      electron-builder:
        specifier: ^25.1.8
        version: 25.1.8(electron-builder-squirrel-windows@25.1.8)
      eslint:
        specifier: ^9.14.0
        version: 9.14.0
      eslint-plugin-react-hooks:
        specifier: ^5.0.0
        version: 5.0.0(eslint@9.14.0)
      globals:
        specifier: ^16.4.0
        version: 16.4.0
      tailwindcss:
        specifier: ^3.4.14
        version: 3.4.14
      tsx:
        specifier: ^4.19.2
        version: 4.19.2
      typescript:
        specifier: ^5.6.3
        version: 5.6.3
      vite:
        specifier: ^5.4.10
        version: 5.4.10(@types/node@22.9.0)
      vitest:
        specifier: ^2.1.4
        version: 2.1.4(@types/node@22.9.0)
      wait-on:
        specifier: ^8.0.1
        version: 8.0.1
